
Microsoft Visual Studio Solution File, Format Version 12.00
# Visual Studio 14
VisualStudioVersion = 14.0.24720.0
MinimumVisualStudioVersion = 10.0.40219.1
Project("{2150E333-8FDC-42A3-9474-1A3956D46DE8}") = "Libraries", "Libraries", "{9C1E7460-005B-4A4E-BD70-F2604F09FCAD}"
EndProject
Project("{2150E333-8FDC-42A3-9474-1A3956D46DE8}") = "Core", "Core", "{38AB0549-E6A2-49BD-B077-FC45564485F3}"
EndProject
Project("{2150E333-8FDC-42A3-9474-1A3956D46DE8}") = "Utilities", "Utilities", "{88DFD294-F75F-4D04-BAC1-28488AB08F4B}"
EndProject
Project("{2150E333-8FDC-42A3-9474-1A3956D46DE8}") = "UI", "UI", "{E82ACC85-9C1F-40BA-A31B-EC3658A4B3D4}"
EndProject
Project("{2150E333-8FDC-42A3-9474-1A3956D46DE8}") = "Tests", "Tests", "{DAF08323-551C-490C-8318-3DE05985BEB3}"
EndProject
Project("{2150E333-8FDC-42A3-9474-1A3956D46DE8}") = "Tests", "Tests", "{4568B123-6263-473B-957F-D077F96205FC}"
EndProject
Project("{2150E333-8FDC-42A3-9474-1A3956D46DE8}") = "Data", "Data", "{588EC185-3011-42B3-B610-213BFAEADF1C}"
EndProject
Project("{2150E333-8FDC-42A3-9474-1A3956D46DE8}") = "Setup", "Setup", "{F9B13CA3-BD2A-4BD1-B946-EFD4CBE9488B}"
EndProject
Project("{930C7802-8A8C-48F9-8165-68863BCCD9DD}") = "Setup", "Setup\Setup.wixproj", "{2EE86055-C4C8-433E-A8B4-5A0CB01C279D}"
EndProject
Project("{FAE04EC0-301F-11D3-BF4B-00C04F79EFBC}") = "Zagorapps Utilities Suite UI", "Zagorapps Utilities Suite UI\Zagorapps Utilities Suite UI.csproj", "{58EE5D9D-E7C1-430E-A343-5254BB1871E7}"
EndProject
Project("{FAE04EC0-301F-11D3-BF4B-00C04F79EFBC}") = "Zagorapps Core Library", "Zagorapps Core Library\Zagorapps Core Library.csproj", "{DA5E6E4E-D994-4476-A53C-4A575FDA86A3}"
EndProject
Project("{FAE04EC0-301F-11D3-BF4B-00C04F79EFBC}") = "Zagorapps Configuration Library", "Zagorapps Configuration Library\Zagorapps Configuration Library.csproj", "{B9AD6C67-B9C3-45DC-A666-08820523B347}"
EndProject
Project("{2150E333-8FDC-42A3-9474-1A3956D46DE8}") = "Items", "Items", "{27B033A6-D16D-4ABF-A84D-9C4D277B3DBA}"
	ProjectSection(SolutionItems) = preProject
		Settings.StyleCop = Settings.StyleCop
	EndProjectSection
EndProject
Project("{FAE04EC0-301F-11D3-BF4B-00C04F79EFBC}") = "Zagorapps Utilities Library", "Zagorapps Utilities Library\Zagorapps Utilities Library.csproj", "{E9E63EDB-A33C-47B7-960F-F26225922A86}"
EndProject
Project("{FAE04EC0-301F-11D3-BF4B-00C04F79EFBC}") = "Zagorapps Utilities Suite Library", "Zagorapps Utilities Suite Library\Zagorapps Utilities Suite Library.csproj", "{8469BF2C-8ED2-4EC1-B3BD-D8E5DDAA8F53}"
EndProject
Project("{FAE04EC0-301F-11D3-BF4B-00C04F79EFBC}") = "Zagorapps Utilities Suite WCF Library", "Zagorapps Utilities Suite WCF Library\Zagorapps Utilities Suite WCF Library.csproj", "{223BC2FB-2039-46AE-8620-948045B76B0D}"
EndProject
Global
	GlobalSection(SolutionConfigurationPlatforms) = preSolution
		Debug|Any CPU = Debug|Any CPU
		Debug|x86 = Debug|x86
		Release|Any CPU = Release|Any CPU
		Release|x86 = Release|x86
	EndGlobalSection
	GlobalSection(ProjectConfigurationPlatforms) = postSolution
		{2EE86055-C4C8-433E-A8B4-5A0CB01C279D}.Debug|Any CPU.ActiveCfg = Debug|x86
		{2EE86055-C4C8-433E-A8B4-5A0CB01C279D}.Debug|x86.ActiveCfg = Debug|x86
		{2EE86055-C4C8-433E-A8B4-5A0CB01C279D}.Debug|x86.Build.0 = Debug|x86
		{2EE86055-C4C8-433E-A8B4-5A0CB01C279D}.Release|Any CPU.ActiveCfg = Release|x86
		{2EE86055-C4C8-433E-A8B4-5A0CB01C279D}.Release|x86.ActiveCfg = Release|x86
		{2EE86055-C4C8-433E-A8B4-5A0CB01C279D}.Release|x86.Build.0 = Release|x86
		{58EE5D9D-E7C1-430E-A343-5254BB1871E7}.Debug|Any CPU.ActiveCfg = Debug|Any CPU
		{58EE5D9D-E7C1-430E-A343-5254BB1871E7}.Debug|Any CPU.Build.0 = Debug|Any CPU
		{58EE5D9D-E7C1-430E-A343-5254BB1871E7}.Debug|x86.ActiveCfg = Debug|Any CPU
		{58EE5D9D-E7C1-430E-A343-5254BB1871E7}.Debug|x86.Build.0 = Debug|Any CPU
		{58EE5D9D-E7C1-430E-A343-5254BB1871E7}.Release|Any CPU.ActiveCfg = Release|Any CPU
		{58EE5D9D-E7C1-430E-A343-5254BB1871E7}.Release|Any CPU.Build.0 = Release|Any CPU
		{58EE5D9D-E7C1-430E-A343-5254BB1871E7}.Release|x86.ActiveCfg = Release|Any CPU
		{58EE5D9D-E7C1-430E-A343-5254BB1871E7}.Release|x86.Build.0 = Release|Any CPU
		{DA5E6E4E-D994-4476-A53C-4A575FDA86A3}.Debug|Any CPU.ActiveCfg = Debug|Any CPU
		{DA5E6E4E-D994-4476-A53C-4A575FDA86A3}.Debug|Any CPU.Build.0 = Debug|Any CPU
		{DA5E6E4E-D994-4476-A53C-4A575FDA86A3}.Debug|x86.ActiveCfg = Debug|Any CPU
		{DA5E6E4E-D994-4476-A53C-4A575FDA86A3}.Debug|x86.Build.0 = Debug|Any CPU
		{DA5E6E4E-D994-4476-A53C-4A575FDA86A3}.Release|Any CPU.ActiveCfg = Release|Any CPU
		{DA5E6E4E-D994-4476-A53C-4A575FDA86A3}.Release|Any CPU.Build.0 = Release|Any CPU
		{DA5E6E4E-D994-4476-A53C-4A575FDA86A3}.Release|x86.ActiveCfg = Release|Any CPU
		{DA5E6E4E-D994-4476-A53C-4A575FDA86A3}.Release|x86.Build.0 = Release|Any CPU
		{B9AD6C67-B9C3-45DC-A666-08820523B347}.Debug|Any CPU.ActiveCfg = Debug|Any CPU
		{B9AD6C67-B9C3-45DC-A666-08820523B347}.Debug|Any CPU.Build.0 = Debug|Any CPU
		{B9AD6C67-B9C3-45DC-A666-08820523B347}.Debug|x86.ActiveCfg = Debug|Any CPU
		{B9AD6C67-B9C3-45DC-A666-08820523B347}.Debug|x86.Build.0 = Debug|Any CPU
		{B9AD6C67-B9C3-45DC-A666-08820523B347}.Release|Any CPU.ActiveCfg = Release|Any CPU
		{B9AD6C67-B9C3-45DC-A666-08820523B347}.Release|Any CPU.Build.0 = Release|Any CPU
		{B9AD6C67-B9C3-45DC-A666-08820523B347}.Release|x86.ActiveCfg = Release|Any CPU
		{B9AD6C67-B9C3-45DC-A666-08820523B347}.Release|x86.Build.0 = Release|Any CPU
		{E9E63EDB-A33C-47B7-960F-F26225922A86}.Debug|Any CPU.ActiveCfg = Debug|Any CPU
		{E9E63EDB-A33C-47B7-960F-F26225922A86}.Debug|Any CPU.Build.0 = Debug|Any CPU
		{E9E63EDB-A33C-47B7-960F-F26225922A86}.Debug|x86.ActiveCfg = Debug|Any CPU
		{E9E63EDB-A33C-47B7-960F-F26225922A86}.Debug|x86.Build.0 = Debug|Any CPU
		{E9E63EDB-A33C-47B7-960F-F26225922A86}.Release|Any CPU.ActiveCfg = Release|Any CPU
		{E9E63EDB-A33C-47B7-960F-F26225922A86}.Release|Any CPU.Build.0 = Release|Any CPU
		{E9E63EDB-A33C-47B7-960F-F26225922A86}.Release|x86.ActiveCfg = Release|Any CPU
		{E9E63EDB-A33C-47B7-960F-F26225922A86}.Release|x86.Build.0 = Release|Any CPU
		{8469BF2C-8ED2-4EC1-B3BD-D8E5DDAA8F53}.Debug|Any CPU.ActiveCfg = Debug|Any CPU
		{8469BF2C-8ED2-4EC1-B3BD-D8E5DDAA8F53}.Debug|Any CPU.Build.0 = Debug|Any CPU
		{8469BF2C-8ED2-4EC1-B3BD-D8E5DDAA8F53}.Debug|x86.ActiveCfg = Debug|Any CPU
		{8469BF2C-8ED2-4EC1-B3BD-D8E5DDAA8F53}.Debug|x86.Build.0 = Debug|Any CPU
		{8469BF2C-8ED2-4EC1-B3BD-D8E5DDAA8F53}.Release|Any CPU.ActiveCfg = Release|Any CPU
		{8469BF2C-8ED2-4EC1-B3BD-D8E5DDAA8F53}.Release|Any CPU.Build.0 = Release|Any CPU
		{8469BF2C-8ED2-4EC1-B3BD-D8E5DDAA8F53}.Release|x86.ActiveCfg = Release|Any CPU
		{8469BF2C-8ED2-4EC1-B3BD-D8E5DDAA8F53}.Release|x86.Build.0 = Release|Any CPU
		{223BC2FB-2039-46AE-8620-948045B76B0D}.Debug|Any CPU.ActiveCfg = Debug|Any CPU
		{223BC2FB-2039-46AE-8620-948045B76B0D}.Debug|Any CPU.Build.0 = Debug|Any CPU
		{223BC2FB-2039-46AE-8620-948045B76B0D}.Debug|x86.ActiveCfg = Debug|Any CPU
		{223BC2FB-2039-46AE-8620-948045B76B0D}.Debug|x86.Build.0 = Debug|Any CPU
		{223BC2FB-2039-46AE-8620-948045B76B0D}.Release|Any CPU.ActiveCfg = Release|Any CPU
		{223BC2FB-2039-46AE-8620-948045B76B0D}.Release|Any CPU.Build.0 = Release|Any CPU
		{223BC2FB-2039-46AE-8620-948045B76B0D}.Release|x86.ActiveCfg = Release|Any CPU
		{223BC2FB-2039-46AE-8620-948045B76B0D}.Release|x86.Build.0 = Release|Any CPU
	EndGlobalSection
	GlobalSection(SolutionProperties) = preSolution
		HideSolutionNode = FALSE
	EndGlobalSection
	GlobalSection(NestedProjects) = preSolution
		{38AB0549-E6A2-49BD-B077-FC45564485F3} = {9C1E7460-005B-4A4E-BD70-F2604F09FCAD}
		{88DFD294-F75F-4D04-BAC1-28488AB08F4B} = {9C1E7460-005B-4A4E-BD70-F2604F09FCAD}
		{DAF08323-551C-490C-8318-3DE05985BEB3} = {88DFD294-F75F-4D04-BAC1-28488AB08F4B}
		{4568B123-6263-473B-957F-D077F96205FC} = {38AB0549-E6A2-49BD-B077-FC45564485F3}
		{2EE86055-C4C8-433E-A8B4-5A0CB01C279D} = {F9B13CA3-BD2A-4BD1-B946-EFD4CBE9488B}
		{58EE5D9D-E7C1-430E-A343-5254BB1871E7} = {E82ACC85-9C1F-40BA-A31B-EC3658A4B3D4}
		{DA5E6E4E-D994-4476-A53C-4A575FDA86A3} = {38AB0549-E6A2-49BD-B077-FC45564485F3}
		{B9AD6C67-B9C3-45DC-A666-08820523B347} = {38AB0549-E6A2-49BD-B077-FC45564485F3}
		{E9E63EDB-A33C-47B7-960F-F26225922A86} = {88DFD294-F75F-4D04-BAC1-28488AB08F4B}
		{8469BF2C-8ED2-4EC1-B3BD-D8E5DDAA8F53} = {E82ACC85-9C1F-40BA-A31B-EC3658A4B3D4}
		{223BC2FB-2039-46AE-8620-948045B76B0D} = {E82ACC85-9C1F-40BA-A31B-EC3658A4B3D4}
	EndGlobalSection
EndGlobal
